
Microsoft Visual Studio Solution File, Format Version 12.00
# Visual Studio 15
VisualStudioVersion = 15.0.26403.7
MinimumVisualStudioVersion = 10.0.40219.1
Project("{2150E333-8FDC-42A3-9474-1A3956D46DE8}") = "src", "src", "{9BD6AA07-06EE-4BD7-AAA9-CCFC5F208483}"
EndProject
Project("{2150E333-8FDC-42A3-9474-1A3956D46DE8}") = "Solution Items", "Solution Items", "{2DA241F2-751A-4AE7-A1EB-8A1B5DDF3BBC}"
	ProjectSection(SolutionItems) = preProject
		global.json = global.json
	EndProjectSection
EndProject
Project("{9A19103F-16F7-4668-BE54-9A1E7A4F7556}") = "Projector", "src\Projector\Projector.csproj", "{BF6E25BD-C035-4148-BAE2-4C80C5CF811F}"
EndProject
Global
	GlobalSection(SolutionConfigurationPlatforms) = preSolution
		Debug|Any CPU = Debug|Any CPU
		Release|Any CPU = Release|Any CPU
	EndGlobalSection
	GlobalSection(ProjectConfigurationPlatforms) = postSolution
		{BF6E25BD-C035-4148-BAE2-4C80C5CF811F}.Debug|Any CPU.ActiveCfg = Debug|Any CPU
		{BF6E25BD-C035-4148-BAE2-4C80C5CF811F}.Debug|Any CPU.Build.0 = Debug|Any CPU
		{BF6E25BD-C035-4148-BAE2-4C80C5CF811F}.Release|Any CPU.ActiveCfg = Release|Any CPU
		{BF6E25BD-C035-4148-BAE2-4C80C5CF811F}.Release|Any CPU.Build.0 = Release|Any CPU
	EndGlobalSection
	GlobalSection(SolutionProperties) = preSolution
		HideSolutionNode = FALSE
	EndGlobalSection
EndGlobal
